{
    "_readme": [
        "This file locks the dependencies of your project to a known state",
        "Read more about it at https://getcomposer.org/doc/01-basic-usage.md#composer-lock-the-lock-file",
        "This file is @generated automatically"
    ],
    "hash": "554ed80662fafd097f60aed391aa7e09",
    "content-hash": "2bc08de93c2cc14fecbea7efc2096565",
    "packages": [
        {
            "name": "ashrafi/php-connectors",
            "version": "1.0.1",
            "source": {
                "type": "git",
                "url": "https://github.com/ashrafimanesh/phpConnectors.git",
                "reference": "14ccf16655d1c8b04ffdcb3ace12cd8be1c0e22a"
            },
            "dist": {
                "type": "zip",
                "url": "https://api.github.com/repos/ashrafimanesh/phpConnectors/zipball/14ccf16655d1c8b04ffdcb3ace12cd8be1c0e22a",
                "reference": "14ccf16655d1c8b04ffdcb3ace12cd8be1c0e22a",
                "shasum": ""
            },
            "require": {
                "php": ">=5.5.9"
            },
            "type": "library",
            "autoload": {
                "psr-4": {
                    "Ashrafi\\PhpConnectors\\": "src/"
                }
            },
            "notification-url": "https://packagist.org/downloads/",
            "license": [
                "MIT"
            ],
            "authors": [
                {
                    "name": "ramin",
                    "email": "ashrafimanesh@gmail.com"
                }
            ],
            "description": "php curl soap connectors",
            "time": "2017-03-26 07:06:17"
        }
    ],
    "packages-dev": [],
    "aliases": [],
    "minimum-stability": "dev",
    "stability-flags": [],
    "prefer-stable": false,
    "prefer-lowest": false,
    "platform": {
        "php": ">=5.5.9"
    },
    "platform-dev": []
}
